
Microsoft Visual Studio Solution File, Format Version 12.00
# Visual Studio Version 17
VisualStudioVersion = 17.9.34310.174
MinimumVisualStudioVersion = 10.0.40219.1
Project("{9A19103F-16F7-4668-BE54-9A1E7A4F7556}") = "Parser", "Parser\Parser.csproj", "{F1F89057-F4BD-4007-9EE3-13C267251EF5}"
EndProject
Project("{9A19103F-16F7-4668-BE54-9A1E7A4F7556}") = "Generator", "Generator\Generator.csproj", "{AAC728F8-33FD-4CCC-BBA2-66E7871D0B37}"
EndProject
Global
	GlobalSection(SolutionConfigurationPlatforms) = preSolution
		Debug|Any CPU = Debug|Any CPU
		Release|Any CPU = Release|Any CPU
	EndGlobalSection
	GlobalSection(ProjectConfigurationPlatforms) = postSolution
		{F1F89057-F4BD-4007-9EE3-13C267251EF5}.Debug|Any CPU.ActiveCfg = Debug|Any CPU
		{F1F89057-F4BD-4007-9EE3-13C267251EF5}.Debug|Any CPU.Build.0 = Debug|Any CPU
		{F1F89057-F4BD-4007-9EE3-13C267251EF5}.Release|Any CPU.ActiveCfg = Release|Any CPU
		{F1F89057-F4BD-4007-9EE3-13C267251EF5}.Release|Any CPU.Build.0 = Release|Any CPU
		{AAC728F8-33FD-4CCC-BBA2-66E7871D0B37}.Debug|Any CPU.ActiveCfg = Debug|Any CPU
		{AAC728F8-33FD-4CCC-BBA2-66E7871D0B37}.Debug|Any CPU.Build.0 = Debug|Any CPU
		{AAC728F8-33FD-4CCC-BBA2-66E7871D0B37}.Release|Any CPU.ActiveCfg = Release|Any CPU
		{AAC728F8-33FD-4CCC-BBA2-66E7871D0B37}.Release|Any CPU.Build.0 = Release|Any CPU
	EndGlobalSection
	GlobalSection(SolutionProperties) = preSolution
		HideSolutionNode = FALSE
	EndGlobalSection
	GlobalSection(ExtensibilityGlobals) = postSolution
		SolutionGuid = {324AE483-30AD-43D7-9614-F25C2A530A49}
	EndGlobalSection
EndGlobal
